
Microsoft Visual Studio Solution File, Format Version 12.00
# Visual Studio 15
VisualStudioVersion = 15.0.27703.2026
MinimumVisualStudioVersion = 10.0.40219.1
Project("{FAE04EC0-301F-11D3-BF4B-00C04F79EFBC}") = "iMasters7zip", "iMasters7zip\iMasters7zip.csproj", "{7098DE61-24B5-4614-B45F-8FDC73808E88}"
EndProject
Global
	GlobalSection(SolutionConfigurationPlatforms) = preSolution
		Debug|Any CPU = Debug|Any CPU
		Release|Any CPU = Release|Any CPU
	EndGlobalSection
	GlobalSection(ProjectConfigurationPlatforms) = postSolution
		{7098DE61-24B5-4614-B45F-8FDC73808E88}.Debug|Any CPU.ActiveCfg = Debug|Any CPU
		{7098DE61-24B5-4614-B45F-8FDC73808E88}.Debug|Any CPU.Build.0 = Debug|Any CPU
		{7098DE61-24B5-4614-B45F-8FDC73808E88}.Release|Any CPU.ActiveCfg = Release|Any CPU
		{7098DE61-24B5-4614-B45F-8FDC73808E88}.Release|Any CPU.Build.0 = Release|Any CPU
	EndGlobalSection
	GlobalSection(SolutionProperties) = preSolution
		HideSolutionNode = FALSE
	EndGlobalSection
	GlobalSection(ExtensibilityGlobals) = postSolution
		SolutionGuid = {D837802F-2143-48F5-BAC9-4B6D7A9A179D}
	EndGlobalSection
EndGlobal
